
Microsoft Visual Studio Solution File, Format Version 12.00
# Visual Studio Version 16
VisualStudioVersion = 16.0.31424.327
MinimumVisualStudioVersion = 10.0.40219.1
Project("{FAE04EC0-301F-11D3-BF4B-00C04F79EFBC}") = "OOP Assignment", "OOP Assignment.csproj", "{BAFB5044-D84A-4AE7-BE6C-A41E911CAECB}"
EndProject
Global
	GlobalSection(SolutionConfigurationPlatforms) = preSolution
		Debug|Any CPU = Debug|Any CPU
		Release|Any CPU = Release|Any CPU
	EndGlobalSection
	GlobalSection(ProjectConfigurationPlatforms) = postSolution
		{BAFB5044-D84A-4AE7-BE6C-A41E911CAECB}.Debug|Any CPU.ActiveCfg = Debug|Any CPU
		{BAFB5044-D84A-4AE7-BE6C-A41E911CAECB}.Debug|Any CPU.Build.0 = Debug|Any CPU
		{BAFB5044-D84A-4AE7-BE6C-A41E911CAECB}.Release|Any CPU.ActiveCfg = Release|Any CPU
		{BAFB5044-D84A-4AE7-BE6C-A41E911CAECB}.Release|Any CPU.Build.0 = Release|Any CPU
	EndGlobalSection
	GlobalSection(SolutionProperties) = preSolution
		HideSolutionNode = FALSE
	EndGlobalSection
	GlobalSection(ExtensibilityGlobals) = postSolution
		SolutionGuid = {B017011F-759D-4E05-ABCF-9BD8BA438882}
	EndGlobalSection
EndGlobal
